
Microsoft Visual Studio Solution File, Format Version 12.00
# Visual Studio 15
VisualStudioVersion = 15.0.27004.2010
MinimumVisualStudioVersion = 10.0.40219.1
Project("{8BC9CEB8-8B4A-11D0-8D11-00A0C91BC942}") = "IOStreams", "IOStreams\IOStreams.vcxproj", "{E42F9FD2-1F3D-4B25-92E9-DB9A722118FD}"
EndProject
Global
	GlobalSection(SolutionConfigurationPlatforms) = preSolution
		Debug|x64 = Debug|x64
		Debug|x86 = Debug|x86
		Release|x64 = Release|x64
		Release|x86 = Release|x86
	EndGlobalSection
	GlobalSection(ProjectConfigurationPlatforms) = postSolution
		{E42F9FD2-1F3D-4B25-92E9-DB9A722118FD}.Debug|x64.ActiveCfg = Debug|x64
		{E42F9FD2-1F3D-4B25-92E9-DB9A722118FD}.Debug|x64.Build.0 = Debug|x64
		{E42F9FD2-1F3D-4B25-92E9-DB9A722118FD}.Debug|x86.ActiveCfg = Debug|Win32
		{E42F9FD2-1F3D-4B25-92E9-DB9A722118FD}.Debug|x86.Build.0 = Debug|Win32
		{E42F9FD2-1F3D-4B25-92E9-DB9A722118FD}.Release|x64.ActiveCfg = Release|x64
		{E42F9FD2-1F3D-4B25-92E9-DB9A722118FD}.Release|x64.Build.0 = Release|x64
		{E42F9FD2-1F3D-4B25-92E9-DB9A722118FD}.Release|x86.ActiveCfg = Release|Win32
		{E42F9FD2-1F3D-4B25-92E9-DB9A722118FD}.Release|x86.Build.0 = Release|Win32
	EndGlobalSection
	GlobalSection(SolutionProperties) = preSolution
		HideSolutionNode = FALSE
	EndGlobalSection
	GlobalSection(ExtensibilityGlobals) = postSolution
		SolutionGuid = {AE90D90D-89DC-4957-AF2F-8AA59F0CF138}
	EndGlobalSection
EndGlobal
