
Microsoft Visual Studio Solution File, Format Version 12.00
# Visual Studio 15
VisualStudioVersion = 15.0.27004.2002
MinimumVisualStudioVersion = 10.0.40219.1
Project("{8BC9CEB8-8B4A-11D0-8D11-00A0C91BC942}") = "Lab2", "Lab2\Lab2.vcxproj", "{57B448F7-0D55-4AD7-BDE1-1B105C0F1A6C}"
EndProject
Global
	GlobalSection(SolutionConfigurationPlatforms) = preSolution
		Debug|x64 = Debug|x64
		Debug|x86 = Debug|x86
		Release|x64 = Release|x64
		Release|x86 = Release|x86
	EndGlobalSection
	GlobalSection(ProjectConfigurationPlatforms) = postSolution
		{57B448F7-0D55-4AD7-BDE1-1B105C0F1A6C}.Debug|x64.ActiveCfg = Debug|x64
		{57B448F7-0D55-4AD7-BDE1-1B105C0F1A6C}.Debug|x64.Build.0 = Debug|x64
		{57B448F7-0D55-4AD7-BDE1-1B105C0F1A6C}.Debug|x86.ActiveCfg = Debug|Win32
		{57B448F7-0D55-4AD7-BDE1-1B105C0F1A6C}.Debug|x86.Build.0 = Debug|Win32
		{57B448F7-0D55-4AD7-BDE1-1B105C0F1A6C}.Release|x64.ActiveCfg = Release|x64
		{57B448F7-0D55-4AD7-BDE1-1B105C0F1A6C}.Release|x64.Build.0 = Release|x64
		{57B448F7-0D55-4AD7-BDE1-1B105C0F1A6C}.Release|x86.ActiveCfg = Release|Win32
		{57B448F7-0D55-4AD7-BDE1-1B105C0F1A6C}.Release|x86.Build.0 = Release|Win32
	EndGlobalSection
	GlobalSection(SolutionProperties) = preSolution
		HideSolutionNode = FALSE
	EndGlobalSection
	GlobalSection(ExtensibilityGlobals) = postSolution
		SolutionGuid = {A283DD0B-3319-48C9-ACA2-C932A9D31889}
	EndGlobalSection
EndGlobal
